
Microsoft Visual Studio Solution File, Format Version 12.00
# Visual Studio Version 17
VisualStudioVersion = 17.9.34728.123
MinimumVisualStudioVersion = 10.0.40219.1
Project("{FAE04EC0-301F-11D3-BF4B-00C04F79EFBC}") = "ClinicAPI", "ClinicAPI\ClinicAPI.csproj", "{54FCFB4D-8F38-436F-A184-8800099E14C5}"
EndProject
Project("{FAE04EC0-301F-11D3-BF4B-00C04F79EFBC}") = "PatientManager", "PatientManager\PatientManager.csproj", "{23FDFC35-3E7C-48C9-AD4E-A0AC88CF97E5}"
EndProject
Project("{2150E333-8FDC-42A3-9474-1A3956D46DE8}") = "Elementos de la solución", "Elementos de la solución", "{2A48BE67-7B82-479B-ABF8-9E6CCB84DD71}"
EndProject
Global
	GlobalSection(SolutionConfigurationPlatforms) = preSolution
		Debug|Any CPU = Debug|Any CPU
		Release|Any CPU = Release|Any CPU
	EndGlobalSection
	GlobalSection(ProjectConfigurationPlatforms) = postSolution
		{54FCFB4D-8F38-436F-A184-8800099E14C5}.Debug|Any CPU.ActiveCfg = Debug|Any CPU
		{54FCFB4D-8F38-436F-A184-8800099E14C5}.Debug|Any CPU.Build.0 = Debug|Any CPU
		{54FCFB4D-8F38-436F-A184-8800099E14C5}.Release|Any CPU.ActiveCfg = Release|Any CPU
		{54FCFB4D-8F38-436F-A184-8800099E14C5}.Release|Any CPU.Build.0 = Release|Any CPU
		{23FDFC35-3E7C-48C9-AD4E-A0AC88CF97E5}.Debug|Any CPU.ActiveCfg = Debug|Any CPU
		{23FDFC35-3E7C-48C9-AD4E-A0AC88CF97E5}.Debug|Any CPU.Build.0 = Debug|Any CPU
		{23FDFC35-3E7C-48C9-AD4E-A0AC88CF97E5}.Release|Any CPU.ActiveCfg = Release|Any CPU
		{23FDFC35-3E7C-48C9-AD4E-A0AC88CF97E5}.Release|Any CPU.Build.0 = Release|Any CPU
	EndGlobalSection
	GlobalSection(SolutionProperties) = preSolution
		HideSolutionNode = FALSE
	EndGlobalSection
	GlobalSection(ExtensibilityGlobals) = postSolution
		SolutionGuid = {460FC179-6E7E-4EEA-8C49-C4B7C5EB52EC}
	EndGlobalSection
EndGlobal
